
Microsoft Visual Studio Solution File, Format Version 12.00
Project("{FAE04EC0-301F-11D3-BF4B-00C04F79EFBC}") = "IdeaBank.Web", "IdeaBank.Web\IdeaBank.Web.csproj", "{55B2B0B6-3BC5-4F18-8632-624B45662EDA}"
EndProject
Global
	GlobalSection(SolutionConfigurationPlatforms) = preSolution
		Debug|Any CPU = Debug|Any CPU
		Release|Any CPU = Release|Any CPU
	EndGlobalSection
	GlobalSection(ProjectConfigurationPlatforms) = postSolution
		{55B2B0B6-3BC5-4F18-8632-624B45662EDA}.Debug|Any CPU.ActiveCfg = Debug|Any CPU
		{55B2B0B6-3BC5-4F18-8632-624B45662EDA}.Debug|Any CPU.Build.0 = Debug|Any CPU
		{55B2B0B6-3BC5-4F18-8632-624B45662EDA}.Release|Any CPU.ActiveCfg = Release|Any CPU
		{55B2B0B6-3BC5-4F18-8632-624B45662EDA}.Release|Any CPU.Build.0 = Release|Any CPU
	EndGlobalSection
EndGlobal
